// !$*UTF8*$!
{
	archiveVersion = 1;
	classes = {
	};
	objectVersion = 46;
	objects = {

/* Begin PBXBuildFile section */
		214DE2DA1E48FD68004B651D /* fluid2D-GPU.xcassets in Resources */ = {isa = PBXBuildFile; fileRef = 214DE2D91E48FD68004B651D /* fluid2D-GPU.xcassets */; };
		214DE2DC1E48FEDA004B651D /* Launch Screen.storyboard in Resources */ = {isa = PBXBuildFile; fileRef = 214DE2DB1E48FEDA004B651D /* Launch Screen.storyboard */; };
		214DE2E91E490746004B651D /* ColorPickerController.mm in Sources */ = {isa = PBXBuildFile; fileRef = 214DE2E11E490746004B651D /* ColorPickerController.mm */; };
		214DE2EA1E490746004B651D /* CrosshairSelector.png in Resources */ = {isa = PBXBuildFile; fileRef = 214DE2E21E490746004B651D /* CrosshairSelector.png */; };
		214DE2EB1E490746004B651D /* CrosshairSelector@2x.png in Resources */ = {isa = PBXBuildFile; fileRef = 214DE2E31E490746004B651D /* CrosshairSelector@2x.png */; };
		214DE2EC1E490746004B651D /* GradientView.mm in Sources */ = {isa = PBXBuildFile; fileRef = 214DE2E51E490746004B651D /* GradientView.mm */; };
		214DE2ED1E490746004B651D /* HorizontalSelector.png in Resources */ = {isa = PBXBuildFile; fileRef = 214DE2E61E490746004B651D /* HorizontalSelector.png */; };
		214DE2EE1E490746004B651D /* HorizontalSelector@2x.png in Resources */ = {isa = PBXBuildFile; fileRef = 214DE2E71E490746004B651D /* HorizontalSelector@2x.png */; };
		214DE2EF1E490746004B651D /* HueSaturationGradient.png in Resources */ = {isa = PBXBuildFile; fileRef = 214DE2E81E490746004B651D /* HueSaturationGradient.png */; };
		214DE30D1E490761004B651D /* fireTex1d.png in Resources */ = {isa = PBXBuildFile; fileRef = 214DE2F11E490761004B651D /* fireTex1d.png */; };
		214DE30E1E490761004B651D /* Fluid2DObject.mm in Sources */ = {isa = PBXBuildFile; fileRef = 214DE2F31E490761004B651D /* Fluid2DObject.mm */; };
		214DE30F1E490761004B651D /* advect.fsh in Resources */ = {isa = PBXBuildFile; fileRef = 214DE2F61E490761004B651D /* advect.fsh */; };
		214DE3101E490761004B651D /* advect.plist in Resources */ = {isa = PBXBuildFile; fileRef = 214DE2F71E490761004B651D /* advect.plist */; };
		214DE3111E490761004B651D /* boundary.fsh in Resources */ = {isa = PBXBuildFile; fileRef = 214DE2F81E490761004B651D /* boundary.fsh */; };
		214DE3121E490761004B651D /* boundary.plist in Resources */ = {isa = PBXBuildFile; fileRef = 214DE2F91E490761004B651D /* boundary.plist */; };
		214DE3131E490761004B651D /* display.fsh in Resources */ = {isa = PBXBuildFile; fileRef = 214DE2FA1E490761004B651D /* display.fsh */; };
		214DE3141E490761004B651D /* display.plist in Resources */ = {isa = PBXBuildFile; fileRef = 214DE2FB1E490761004B651D /* display.plist */; };
		214DE3151E490761004B651D /* display.vsh in Resources */ = {isa = PBXBuildFile; fileRef = 214DE2FC1E490761004B651D /* display.vsh */; };
		214DE3161E490761004B651D /* divergence.fsh in Resources */ = {isa = PBXBuildFile; fileRef = 214DE2FD1E490761004B651D /* divergence.fsh */; };
		214DE3171E490761004B651D /* divergence.plist in Resources */ = {isa = PBXBuildFile; fileRef = 214DE2FE1E490761004B651D /* divergence.plist */; };
		214DE3181E490761004B651D /* gradient.fsh in Resources */ = {isa = PBXBuildFile; fileRef = 214DE2FF1E490761004B651D /* gradient.fsh */; };
		214DE3191E490761004B651D /* gradient.plist in Resources */ = {isa = PBXBuildFile; fileRef = 214DE3001E490761004B651D /* gradient.plist */; };
		214DE31A1E490761004B651D /* jacobi.fsh in Resources */ = {isa = PBXBuildFile; fileRef = 214DE3011E490761004B651D /* jacobi.fsh */; };
		214DE31B1E490761004B651D /* jacobi.plist in Resources */ = {isa = PBXBuildFile; fileRef = 214DE3021E490761004B651D /* jacobi.plist */; };
		214DE31C1E490761004B651D /* obstacles.fsh in Resources */ = {isa = PBXBuildFile; fileRef = 214DE3031E490761004B651D /* obstacles.fsh */; };
		214DE31D1E490761004B651D /* obstacles.plist in Resources */ = {isa = PBXBuildFile; fileRef = 214DE3041E490761004B651D /* obstacles.plist */; };
		214DE31E1E490761004B651D /* present.fsh in Resources */ = {isa = PBXBuildFile; fileRef = 214DE3051E490761004B651D /* present.fsh */; };
		214DE31F1E490761004B651D /* present.plist in Resources */ = {isa = PBXBuildFile; fileRef = 214DE3061E490761004B651D /* present.plist */; };
		214DE3201E490761004B651D /* splat.fsh in Resources */ = {isa = PBXBuildFile; fileRef = 214DE3071E490761004B651D /* splat.fsh */; };
		214DE3211E490761004B651D /* splat.plist in Resources */ = {isa = PBXBuildFile; fileRef = 214DE3081E490761004B651D /* splat.plist */; };
		214DE3221E490761004B651D /* vortForce.fsh in Resources */ = {isa = PBXBuildFile; fileRef = 214DE3091E490761004B651D /* vortForce.fsh */; };
		214DE3231E490761004B651D /* vortForce.plist in Resources */ = {isa = PBXBuildFile; fileRef = 214DE30A1E490761004B651D /* vortForce.plist */; };
		214DE3241E490761004B651D /* vorticity.fsh in Resources */ = {isa = PBXBuildFile; fileRef = 214DE30B1E490761004B651D /* vorticity.fsh */; };
		214DE3251E490761004B651D /* vorticity.plist in Resources */ = {isa = PBXBuildFile; fileRef = 214DE30C1E490761004B651D /* vorticity.plist */; };
		2167E6A816FB9CF300EBA3B9 /* present.plist in Resources */ = {isa = PBXBuildFile; fileRef = 2167E6A616FB9CF300EBA3B9 /* present.plist */; };
		2167E6A916FB9CF300EBA3B9 /* present.fsh in Resources */ = {isa = PBXBuildFile; fileRef = 2167E6A716FB9CF300EBA3B9 /* present.fsh */; };
		2167E6AC16FB9D0700EBA3B9 /* present.vsh in Resources */ = {isa = PBXBuildFile; fileRef = 2167E6AB16FB9D0700EBA3B9 /* present.vsh */; };
		2193D7F116FA84B5007BA1BC /* UIKit.framework in Frameworks */ = {isa = PBXBuildFile; fileRef = 2193D7F016FA84B5007BA1BC /* UIKit.framework */; };
		2193D7F316FA84B5007BA1BC /* Foundation.framework in Frameworks */ = {isa = PBXBuildFile; fileRef = 2193D7F216FA84B5007BA1BC /* Foundation.framework */; };
		2193D7F516FA84B5007BA1BC /* CoreGraphics.framework in Frameworks */ = {isa = PBXBuildFile; fileRef = 2193D7F416FA84B5007BA1BC /* CoreGraphics.framework */; };
		2193D7F716FA84B5007BA1BC /* GLKit.framework in Frameworks */ = {isa = PBXBuildFile; fileRef = 2193D7F616FA84B5007BA1BC /* GLKit.framework */; };
		2193D7F916FA84B5007BA1BC /* OpenGLES.framework in Frameworks */ = {isa = PBXBuildFile; fileRef = 2193D7F816FA84B5007BA1BC /* OpenGLES.framework */; };
		2193D7FF16FA84B5007BA1BC /* InfoPlist.strings in Resources */ = {isa = PBXBuildFile; fileRef = 2193D7FD16FA84B5007BA1BC /* InfoPlist.strings */; };
		2193D80116FA84B5007BA1BC /* main.m in Sources */ = {isa = PBXBuildFile; fileRef = 2193D80016FA84B5007BA1BC /* main.m */; };
		2193D80516FA84B5007BA1BC /* AppDelegate.m in Sources */ = {isa = PBXBuildFile; fileRef = 2193D80416FA84B5007BA1BC /* AppDelegate.m */; };
		2193D81216FA84B5007BA1BC /* ViewController.mm in Sources */ = {isa = PBXBuildFile; fileRef = 2193D81116FA84B5007BA1BC /* ViewController.mm */; };
		2193D87216FA8D49007BA1BC /* ViewController_iPhone.xib in Resources */ = {isa = PBXBuildFile; fileRef = 2193D87016FA8D49007BA1BC /* ViewController_iPhone.xib */; };
		2193D87316FA8D49007BA1BC /* ViewController_iPad.xib in Resources */ = {isa = PBXBuildFile; fileRef = 2193D87116FA8D49007BA1BC /* ViewController_iPad.xib */; };
		2193D87616FA8DE7007BA1BC /* Finger.mm in Sources */ = {isa = PBXBuildFile; fileRef = 2193D87516FA8DE7007BA1BC /* Finger.mm */; };
		2193D88216FA8FB2007BA1BC /* Shader.m in Sources */ = {isa = PBXBuildFile; fileRef = 2193D88116FA8FB2007BA1BC /* Shader.m */; };
/* End PBXBuildFile section */

/* Begin PBXFileReference section */
		214DE2D91E48FD68004B651D /* fluid2D-GPU.xcassets */ = {isa = PBXFileReference; lastKnownFileType = folder.assetcatalog; path = "fluid2D-GPU.xcassets"; sourceTree = SOURCE_ROOT; };
		214DE2DB1E48FEDA004B651D /* Launch Screen.storyboard */ = {isa = PBXFileReference; fileEncoding = 4; lastKnownFileType = file.storyboard; path = "Launch Screen.storyboard"; sourceTree = "<group>"; };
		214DE2E01E490746004B651D /* ColorPickerController.h */ = {isa = PBXFileReference; fileEncoding = 4; lastKnownFileType = sourcecode.c.h; path = ColorPickerController.h; sourceTree = "<group>"; };
		214DE2E11E490746004B651D /* ColorPickerController.mm */ = {isa = PBXFileReference; fileEncoding = 4; lastKnownFileType = sourcecode.cpp.objcpp; path = ColorPickerController.mm; sourceTree = "<group>"; };
		214DE2E21E490746004B651D /* CrosshairSelector.png */ = {isa = PBXFileReference; lastKnownFileType = image.png; path = CrosshairSelector.png; sourceTree = "<group>"; };
		214DE2E31E490746004B651D /* CrosshairSelector@2x.png */ = {isa = PBXFileReference; lastKnownFileType = image.png; path = "CrosshairSelector@2x.png"; sourceTree = "<group>"; };
		214DE2E41E490746004B651D /* GradientView.h */ = {isa = PBXFileReference; fileEncoding = 4; lastKnownFileType = sourcecode.c.h; path = GradientView.h; sourceTree = "<group>"; };
		214DE2E51E490746004B651D /* GradientView.mm */ = {isa = PBXFileReference; fileEncoding = 4; lastKnownFileType = sourcecode.cpp.objcpp; path = GradientView.mm; sourceTree = "<group>"; };
		214DE2E61E490746004B651D /* HorizontalSelector.png */ = {isa = PBXFileReference; lastKnownFileType = image.png; path = HorizontalSelector.png; sourceTree = "<group>"; };
		214DE2E71E490746004B651D /* HorizontalSelector@2x.png */ = {isa = PBXFileReference; lastKnownFileType = image.png; path = "HorizontalSelector@2x.png"; sourceTree = "<group>"; };
		214DE2E81E490746004B651D /* HueSaturationGradient.png */ = {isa = PBXFileReference; lastKnownFileType = image.png; path = HueSaturationGradient.png; sourceTree = "<group>"; };
		214DE2F11E490761004B651D /* fireTex1d.png */ = {isa = PBXFileReference; lastKnownFileType = image.png; path = fireTex1d.png; sourceTree = "<group>"; };
		214DE2F21E490761004B651D /* Fluid2DObject.h */ = {isa = PBXFileReference; fileEncoding = 4; lastKnownFileType = sourcecode.c.h; path = Fluid2DObject.h; sourceTree = "<group>"; };
		214DE2F31E490761004B651D /* Fluid2DObject.mm */ = {isa = PBXFileReference; fileEncoding = 4; lastKnownFileType = sourcecode.cpp.objcpp; path = Fluid2DObject.mm; sourceTree = "<group>"; };
		214DE2F41E490761004B651D /* half.h */ = {isa = PBXFileReference; fileEncoding = 4; lastKnownFileType = sourcecode.c.h; path = half.h; sourceTree = "<group>"; };
		214DE2F61E490761004B651D /* advect.fsh */ = {isa = PBXFileReference; fileEncoding = 4; lastKnownFileType = sourcecode.glsl; path = advect.fsh; sourceTree = "<group>"; };
		214DE2F71E490761004B651D /* advect.plist */ = {isa = PBXFileReference; fileEncoding = 4; lastKnownFileType = text.plist.xml; path = advect.plist; sourceTree = "<group>"; };
		214DE2F81E490761004B651D /* boundary.fsh */ = {isa = PBXFileReference; fileEncoding = 4; lastKnownFileType = sourcecode.glsl; path = boundary.fsh; sourceTree = "<group>"; };
		214DE2F91E490761004B651D /* boundary.plist */ = {isa = PBXFileReference; fileEncoding = 4; lastKnownFileType = text.plist.xml; path = boundary.plist; sourceTree = "<group>"; };
		214DE2FA1E490761004B651D /* display.fsh */ = {isa = PBXFileReference; fileEncoding = 4; lastKnownFileType = sourcecode.glsl; path = display.fsh; sourceTree = "<group>"; };
		214DE2FB1E490761004B651D /* display.plist */ = {isa = PBXFileReference; fileEncoding = 4; lastKnownFileType = text.plist.xml; path = display.plist; sourceTree = "<group>"; };
		214DE2FC1E490761004B651D /* display.vsh */ = {isa = PBXFileReference; fileEncoding = 4; lastKnownFileType = sourcecode.glsl; path = display.vsh; sourceTree = "<group>"; };
		214DE2FD1E490761004B651D /* divergence.fsh */ = {isa = PBXFileReference; fileEncoding = 4; lastKnownFileType = sourcecode.glsl; path = divergence.fsh; sourceTree = "<group>"; };
		214DE2FE1E490761004B651D /* divergence.plist */ = {isa = PBXFileReference; fileEncoding = 4; lastKnownFileType = text.plist.xml; path = divergence.plist; sourceTree = "<group>"; };
		214DE2FF1E490761004B651D /* gradient.fsh */ = {isa = PBXFileReference; fileEncoding = 4; lastKnownFileType = sourcecode.glsl; path = gradient.fsh; sourceTree = "<group>"; };
		214DE3001E490761004B651D /* gradient.plist */ = {isa = PBXFileReference; fileEncoding = 4; lastKnownFileType = text.plist.xml; path = gradient.plist; sourceTree = "<group>"; };
		214DE3011E490761004B651D /* jacobi.fsh */ = {isa = PBXFileReference; fileEncoding = 4; lastKnownFileType = sourcecode.glsl; path = jacobi.fsh; sourceTree = "<group>"; };
		214DE3021E490761004B651D /* jacobi.plist */ = {isa = PBXFileReference; fileEncoding = 4; lastKnownFileType = text.plist.xml; path = jacobi.plist; sourceTree = "<group>"; };
		214DE3031E490761004B651D /* obstacles.fsh */ = {isa = PBXFileReference; fileEncoding = 4; lastKnownFileType = sourcecode.glsl; path = obstacles.fsh; sourceTree = "<group>"; };
		214DE3041E490761004B651D /* obstacles.plist */ = {isa = PBXFileReference; fileEncoding = 4; lastKnownFileType = text.plist.xml; path = obstacles.plist; sourceTree = "<group>"; };
		214DE3051E490761004B651D /* present.fsh */ = {isa = PBXFileReference; fileEncoding = 4; lastKnownFileType = sourcecode.glsl; path = present.fsh; sourceTree = "<group>"; };
		214DE3061E490761004B651D /* present.plist */ = {isa = PBXFileReference; fileEncoding = 4; lastKnownFileType = text.plist.xml; path = present.plist; sourceTree = "<group>"; };
		214DE3071E490761004B651D /* splat.fsh */ = {isa = PBXFileReference; fileEncoding = 4; lastKnownFileType = sourcecode.glsl; path = splat.fsh; sourceTree = "<group>"; };
		214DE3081E490761004B651D /* splat.plist */ = {isa = PBXFileReference; fileEncoding = 4; lastKnownFileType = text.plist.xml; path = splat.plist; sourceTree = "<group>"; };
		214DE3091E490761004B651D /* vortForce.fsh */ = {isa = PBXFileReference; fileEncoding = 4; lastKnownFileType = sourcecode.glsl; path = vortForce.fsh; sourceTree = "<group>"; };
		214DE30A1E490761004B651D /* vortForce.plist */ = {isa = PBXFileReference; fileEncoding = 4; lastKnownFileType = text.plist.xml; path = vortForce.plist; sourceTree = "<group>"; };
		214DE30B1E490761004B651D /* vorticity.fsh */ = {isa = PBXFileReference; fileEncoding = 4; lastKnownFileType = sourcecode.glsl; path = vorticity.fsh; sourceTree = "<group>"; };
		214DE30C1E490761004B651D /* vorticity.plist */ = {isa = PBXFileReference; fileEncoding = 4; lastKnownFileType = text.plist.xml; path = vorticity.plist; sourceTree = "<group>"; };
		2167E6A616FB9CF300EBA3B9 /* present.plist */ = {isa = PBXFileReference; fileEncoding = 4; lastKnownFileType = text.plist.xml; path = present.plist; sourceTree = "<group>"; };
		2167E6A716FB9CF300EBA3B9 /* present.fsh */ = {isa = PBXFileReference; fileEncoding = 4; lastKnownFileType = sourcecode.glsl; path = present.fsh; sourceTree = "<group>"; };
		2167E6AB16FB9D0700EBA3B9 /* present.vsh */ = {isa = PBXFileReference; fileEncoding = 4; lastKnownFileType = sourcecode.glsl; path = present.vsh; sourceTree = "<group>"; };
		2193D7ED16FA84B5007BA1BC /* fluid2D-GPU.app */ = {isa = PBXFileReference; explicitFileType = wrapper.application; includeInIndex = 0; path = "fluid2D-GPU.app"; sourceTree = BUILT_PRODUCTS_DIR; };
		2193D7F016FA84B5007BA1BC /* UIKit.framework */ = {isa = PBXFileReference; lastKnownFileType = wrapper.framework; name = UIKit.framework; path = System/Library/Frameworks/UIKit.framework; sourceTree = SDKROOT; };
		2193D7F216FA84B5007BA1BC /* Foundation.framework */ = {isa = PBXFileReference; lastKnownFileType = wrapper.framework; name = Foundation.framework; path = System/Library/Frameworks/Foundation.framework; sourceTree = SDKROOT; };
		2193D7F416FA84B5007BA1BC /* CoreGraphics.framework */ = {isa = PBXFileReference; lastKnownFileType = wrapper.framework; name = CoreGraphics.framework; path = System/Library/Frameworks/CoreGraphics.framework; sourceTree = SDKROOT; };
		2193D7F616FA84B5007BA1BC /* GLKit.framework */ = {isa = PBXFileReference; lastKnownFileType = wrapper.framework; name = GLKit.framework; path = System/Library/Frameworks/GLKit.framework; sourceTree = SDKROOT; };
		2193D7F816FA84B5007BA1BC /* OpenGLES.framework */ = {isa = PBXFileReference; lastKnownFileType = wrapper.framework; name = OpenGLES.framework; path = System/Library/Frameworks/OpenGLES.framework; sourceTree = SDKROOT; };
		2193D7FC16FA84B5007BA1BC /* fluid2D-GPU-Info.plist */ = {isa = PBXFileReference; lastKnownFileType = text.plist.xml; path = "fluid2D-GPU-Info.plist"; sourceTree = "<group>"; };
		2193D7FE16FA84B5007BA1BC /* en */ = {isa = PBXFileReference; lastKnownFileType = text.plist.strings; name = en; path = en.lproj/InfoPlist.strings; sourceTree = "<group>"; };
		2193D80016FA84B5007BA1BC /* main.m */ = {isa = PBXFileReference; lastKnownFileType = sourcecode.c.objc; path = main.m; sourceTree = "<group>"; };
		2193D80216FA84B5007BA1BC /* fluid2D-GPU-Prefix.pch */ = {isa = PBXFileReference; lastKnownFileType = sourcecode.c.h; path = "fluid2D-GPU-Prefix.pch"; sourceTree = "<group>"; };
		2193D80316FA84B5007BA1BC /* AppDelegate.h */ = {isa = PBXFileReference; lastKnownFileType = sourcecode.c.h; path = AppDelegate.h; sourceTree = "<group>"; };
		2193D80416FA84B5007BA1BC /* AppDelegate.m */ = {isa = PBXFileReference; lastKnownFileType = sourcecode.c.objc; path = AppDelegate.m; sourceTree = "<group>"; };
		2193D81016FA84B5007BA1BC /* ViewController.h */ = {isa = PBXFileReference; lastKnownFileType = sourcecode.c.h; path = ViewController.h; sourceTree = "<group>"; };
		2193D81116FA84B5007BA1BC /* ViewController.mm */ = {isa = PBXFileReference; lastKnownFileType = sourcecode.cpp.objcpp; path = ViewController.mm; sourceTree = "<group>"; };
		2193D87016FA8D49007BA1BC /* ViewController_iPhone.xib */ = {isa = PBXFileReference; fileEncoding = 4; lastKnownFileType = file.xib; path = ViewController_iPhone.xib; sourceTree = "<group>"; };
		2193D87116FA8D49007BA1BC /* ViewController_iPad.xib */ = {isa = PBXFileReference; fileEncoding = 4; lastKnownFileType = file.xib; path = ViewController_iPad.xib; sourceTree = "<group>"; };
		2193D87416FA8DE7007BA1BC /* Finger.h */ = {isa = PBXFileReference; fileEncoding = 4; lastKnownFileType = sourcecode.c.h; path = Finger.h; sourceTree = "<group>"; };
		2193D87516FA8DE7007BA1BC /* Finger.mm */ = {isa = PBXFileReference; fileEncoding = 4; lastKnownFileType = sourcecode.cpp.objcpp; path = Finger.mm; sourceTree = "<group>"; };
		2193D88016FA8FB1007BA1BC /* Shader.h */ = {isa = PBXFileReference; fileEncoding = 4; lastKnownFileType = sourcecode.c.h; path = Shader.h; sourceTree = "<group>"; };
		2193D88116FA8FB2007BA1BC /* Shader.m */ = {isa = PBXFileReference; fileEncoding = 4; lastKnownFileType = sourcecode.c.objc; path = Shader.m; sourceTree = "<group>"; };
		2193D88316FA8FD6007BA1BC /* glUtil.h */ = {isa = PBXFileReference; fileEncoding = 4; lastKnownFileType = sourcecode.c.h; path = glUtil.h; sourceTree = "<group>"; };
/* End PBXFileReference section */

/* Begin PBXFrameworksBuildPhase section */
		2193D7EA16FA84B5007BA1BC /* Frameworks */ = {
			isa = PBXFrameworksBuildPhase;
			buildActionMask = 2147483647;
			files = (
				2193D7F116FA84B5007BA1BC /* UIKit.framework in Frameworks */,
				2193D7F316FA84B5007BA1BC /* Foundation.framework in Frameworks */,
				2193D7F516FA84B5007BA1BC /* CoreGraphics.framework in Frameworks */,
				2193D7F716FA84B5007BA1BC /* GLKit.framework in Frameworks */,
				2193D7F916FA84B5007BA1BC /* OpenGLES.framework in Frameworks */,
			);
			runOnlyForDeploymentPostprocessing = 0;
		};
/* End PBXFrameworksBuildPhase section */

/* Begin PBXGroup section */
		214DE2DF1E490746004B651D /* Color Picker */ = {
			isa = PBXGroup;
			children = (
				214DE2E01E490746004B651D /* ColorPickerController.h */,
				214DE2E11E490746004B651D /* ColorPickerController.mm */,
				214DE2E21E490746004B651D /* CrosshairSelector.png */,
				214DE2E31E490746004B651D /* CrosshairSelector@2x.png */,
				214DE2E41E490746004B651D /* GradientView.h */,
				214DE2E51E490746004B651D /* GradientView.mm */,
				214DE2E61E490746004B651D /* HorizontalSelector.png */,
				214DE2E71E490746004B651D /* HorizontalSelector@2x.png */,
				214DE2E81E490746004B651D /* HueSaturationGradient.png */,
			);
			path = "Color Picker";
			sourceTree = "<group>";
		};
		214DE2F01E490761004B651D /* Fluid2DObject */ = {
			isa = PBXGroup;
			children = (
				214DE2F11E490761004B651D /* fireTex1d.png */,
				214DE2F21E490761004B651D /* Fluid2DObject.h */,
				214DE2F31E490761004B651D /* Fluid2DObject.mm */,
				214DE2F41E490761004B651D /* half.h */,
				214DE2F51E490761004B651D /* Shaders */,
			);
			path = Fluid2DObject;
			sourceTree = "<group>";
		};
		214DE2F51E490761004B651D /* Shaders */ = {
			isa = PBXGroup;
			children = (
				214DE2F61E490761004B651D /* advect.fsh */,
				214DE2F71E490761004B651D /* advect.plist */,
				214DE2F81E490761004B651D /* boundary.fsh */,
				214DE2F91E490761004B651D /* boundary.plist */,
				214DE2FA1E490761004B651D /* display.fsh */,
				214DE2FB1E490761004B651D /* display.plist */,
				214DE2FC1E490761004B651D /* display.vsh */,
				214DE2FD1E490761004B651D /* divergence.fsh */,
				214DE2FE1E490761004B651D /* divergence.plist */,
				214DE2FF1E490761004B651D /* gradient.fsh */,
				214DE3001E490761004B651D /* gradient.plist */,
				214DE3011E490761004B651D /* jacobi.fsh */,
				214DE3021E490761004B651D /* jacobi.plist */,
				214DE3031E490761004B651D /* obstacles.fsh */,
				214DE3041E490761004B651D /* obstacles.plist */,
				214DE3051E490761004B651D /* present.fsh */,
				214DE3061E490761004B651D /* present.plist */,
				214DE3071E490761004B651D /* splat.fsh */,
				214DE3081E490761004B651D /* splat.plist */,
				214DE3091E490761004B651D /* vortForce.fsh */,
				214DE30A1E490761004B651D /* vortForce.plist */,
				214DE30B1E490761004B651D /* vorticity.fsh */,
				214DE30C1E490761004B651D /* vorticity.plist */,
			);
			path = Shaders;
			sourceTree = "<group>";
		};
		2193D7E416FA84B5007BA1BC = {
			isa = PBXGroup;
			children = (
				2193D7FA16FA84B5007BA1BC /* fluid2D-GPU */,
				214DE2DF1E490746004B651D /* Color Picker */,
				214DE2F01E490761004B651D /* Fluid2DObject */,
				2193D7EF16FA84B5007BA1BC /* Frameworks */,
				2193D7EE16FA84B5007BA1BC /* Products */,
			);
			sourceTree = "<group>";
		};
		2193D7EE16FA84B5007BA1BC /* Products */ = {
			isa = PBXGroup;
			children = (
				2193D7ED16FA84B5007BA1BC /* fluid2D-GPU.app */,
			);
			name = Products;
			sourceTree = "<group>";
		};
		2193D7EF16FA84B5007BA1BC /* Frameworks */ = {
			isa = PBXGroup;
			children = (
				2193D7F016FA84B5007BA1BC /* UIKit.framework */,
				2193D7F216FA84B5007BA1BC /* Foundation.framework */,
				2193D7F416FA84B5007BA1BC /* CoreGraphics.framework */,
				2193D7F616FA84B5007BA1BC /* GLKit.framework */,
				2193D7F816FA84B5007BA1BC /* OpenGLES.framework */,
			);
			name = Frameworks;
			sourceTree = "<group>";
		};
		2193D7FA16FA84B5007BA1BC /* fluid2D-GPU */ = {
			isa = PBXGroup;
			children = (
				2193D80316FA84B5007BA1BC /* AppDelegate.h */,
				2193D80416FA84B5007BA1BC /* AppDelegate.m */,
				2193D87416FA8DE7007BA1BC /* Finger.h */,
				2193D87516FA8DE7007BA1BC /* Finger.mm */,
				2193D88316FA8FD6007BA1BC /* glUtil.h */,
				2193D88016FA8FB1007BA1BC /* Shader.h */,
				2193D88116FA8FB2007BA1BC /* Shader.m */,
				2193D81016FA84B5007BA1BC /* ViewController.h */,
				2193D81116FA84B5007BA1BC /* ViewController.mm */,
				2167E6A616FB9CF300EBA3B9 /* present.plist */,
				2167E6AB16FB9D0700EBA3B9 /* present.vsh */,
				2167E6A716FB9CF300EBA3B9 /* present.fsh */,
				2193D87016FA8D49007BA1BC /* ViewController_iPhone.xib */,
				2193D87116FA8D49007BA1BC /* ViewController_iPad.xib */,
				2193D7FB16FA84B5007BA1BC /* Supporting Files */,
			);
			path = "fluid2D-GPU";
			sourceTree = "<group>";
		};
		2193D7FB16FA84B5007BA1BC /* Supporting Files */ = {
			isa = PBXGroup;
			children = (
				214DE2D91E48FD68004B651D /* fluid2D-GPU.xcassets */,
				2193D7FC16FA84B5007BA1BC /* fluid2D-GPU-Info.plist */,
				2193D7FD16FA84B5007BA1BC /* InfoPlist.strings */,
				2193D80016FA84B5007BA1BC /* main.m */,
				2193D80216FA84B5007BA1BC /* fluid2D-GPU-Prefix.pch */,
				214DE2DB1E48FEDA004B651D /* Launch Screen.storyboard */,
			);
			name = "Supporting Files";
			sourceTree = "<group>";
		};
/* End PBXGroup section */

/* Begin PBXNativeTarget section */
		2193D7EC16FA84B5007BA1BC /* fluid2D-GPU */ = {
			isa = PBXNativeTarget;
			buildConfigurationList = 2193D81B16FA84B5007BA1BC /* Build configuration list for PBXNativeTarget "fluid2D-GPU" */;
			buildPhases = (
				2193D7E916FA84B5007BA1BC /* Sources */,
				2193D7EA16FA84B5007BA1BC /* Frameworks */,
				2193D7EB16FA84B5007BA1BC /* Resources */,
			);
			buildRules = (
			);
			dependencies = (
			);
			name = "fluid2D-GPU";
			productName = "fluid2D-GPU";
			productReference = 2193D7ED16FA84B5007BA1BC /* fluid2D-GPU.app */;
			productType = "com.apple.product-type.application";
		};
/* End PBXNativeTarget section */

/* Begin PBXProject section */
		2193D7E516FA84B5007BA1BC /* Project object */ = {
			isa = PBXProject;
			attributes = {
				LastUpgradeCheck = 0820;
				ORGANIZATIONNAME = "Jack Wright";
				TargetAttributes = {
					2193D7EC16FA84B5007BA1BC = {
						DevelopmentTeam = 7BATW2E53G;
					};
				};
			};
			buildConfigurationList = 2193D7E816FA84B5007BA1BC /* Build configuration list for PBXProject "fluid2D-GPU" */;
			compatibilityVersion = "Xcode 3.2";
			developmentRegion = English;
			hasScannedForEncodings = 0;
			knownRegions = (
				en,
			);
			mainGroup = 2193D7E416FA84B5007BA1BC;
			productRefGroup = 2193D7EE16FA84B5007BA1BC /* Products */;
			projectDirPath = "";
			projectRoot = "";
			targets = (
				2193D7EC16FA84B5007BA1BC /* fluid2D-GPU */,
			);
		};
/* End PBXProject section */

/* Begin PBXResourcesBuildPhase section */
		2193D7EB16FA84B5007BA1BC /* Resources */ = {
			isa = PBXResourcesBuildPhase;
			buildActionMask = 2147483647;
			files = (
				2193D7FF16FA84B5007BA1BC /* InfoPlist.strings in Resources */,
				214DE31C1E490761004B651D /* obstacles.fsh in Resources */,
				214DE3171E490761004B651D /* divergence.plist in Resources */,
				214DE3121E490761004B651D /* boundary.plist in Resources */,
				214DE30D1E490761004B651D /* fireTex1d.png in Resources */,
				214DE3251E490761004B651D /* vorticity.plist in Resources */,
				214DE3211E490761004B651D /* splat.plist in Resources */,
				214DE2DC1E48FEDA004B651D /* Launch Screen.storyboard in Resources */,
				214DE31B1E490761004B651D /* jacobi.plist in Resources */,
				214DE31E1E490761004B651D /* present.fsh in Resources */,
				214DE2EB1E490746004B651D /* CrosshairSelector@2x.png in Resources */,
				214DE31D1E490761004B651D /* obstacles.plist in Resources */,
				214DE3161E490761004B651D /* divergence.fsh in Resources */,
				214DE2DA1E48FD68004B651D /* fluid2D-GPU.xcassets in Resources */,
				214DE2EE1E490746004B651D /* HorizontalSelector@2x.png in Resources */,
				214DE31A1E490761004B651D /* jacobi.fsh in Resources */,
				214DE3101E490761004B651D /* advect.plist in Resources */,
				214DE3231E490761004B651D /* vortForce.plist in Resources */,
				214DE31F1E490761004B651D /* present.plist in Resources */,
				214DE3181E490761004B651D /* gradient.fsh in Resources */,
				214DE3131E490761004B651D /* display.fsh in Resources */,
				214DE3151E490761004B651D /* display.vsh in Resources */,
				214DE2EA1E490746004B651D /* CrosshairSelector.png in Resources */,
				214DE3141E490761004B651D /* display.plist in Resources */,
				214DE30F1E490761004B651D /* advect.fsh in Resources */,
				214DE3191E490761004B651D /* gradient.plist in Resources */,
				2193D87216FA8D49007BA1BC /* ViewController_iPhone.xib in Resources */,
				214DE3201E490761004B651D /* splat.fsh in Resources */,
				2193D87316FA8D49007BA1BC /* ViewController_iPad.xib in Resources */,
				2167E6A816FB9CF300EBA3B9 /* present.plist in Resources */,
				214DE3111E490761004B651D /* boundary.fsh in Resources */,
				2167E6A916FB9CF300EBA3B9 /* present.fsh in Resources */,
				214DE2ED1E490746004B651D /* HorizontalSelector.png in Resources */,
				214DE2EF1E490746004B651D /* HueSaturationGradient.png in Resources */,
				214DE3221E490761004B651D /* vortForce.fsh in Resources */,
				2167E6AC16FB9D0700EBA3B9 /* present.vsh in Resources */,
				214DE3241E490761004B651D /* vorticity.fsh in Resources */,
			);
			runOnlyForDeploymentPostprocessing = 0;
		};
/* End PBXResourcesBuildPhase section */

/* Begin PBXSourcesBuildPhase section */
		2193D7E916FA84B5007BA1BC /* Sources */ = {
			isa = PBXSourcesBuildPhase;
			buildActionMask = 2147483647;
			files = (
				2193D80116FA84B5007BA1BC /* main.m in Sources */,
				2193D80516FA84B5007BA1BC /* AppDelegate.m in Sources */,
				214DE2EC1E490746004B651D /* GradientView.mm in Sources */,
				214DE30E1E490761004B651D /* Fluid2DObject.mm in Sources */,
				214DE2E91E490746004B651D /* ColorPickerController.mm in Sources */,
				2193D81216FA84B5007BA1BC /* ViewController.mm in Sources */,
				2193D87616FA8DE7007BA1BC /* Finger.mm in Sources */,
				2193D88216FA8FB2007BA1BC /* Shader.m in Sources */,
			);
			runOnlyForDeploymentPostprocessing = 0;
		};
/* End PBXSourcesBuildPhase section */

/* Begin PBXVariantGroup section */
		2193D7FD16FA84B5007BA1BC /* InfoPlist.strings */ = {
			isa = PBXVariantGroup;
			children = (
				2193D7FE16FA84B5007BA1BC /* en */,
			);
			name = InfoPlist.strings;
			sourceTree = "<group>";
		};
/* End PBXVariantGroup section */

/* Begin XCBuildConfiguration section */
		2193D81916FA84B5007BA1BC /* Debug */ = {
			isa = XCBuildConfiguration;
			buildSettings = {
				ALWAYS_SEARCH_USER_PATHS = NO;
				CLANG_CXX_LANGUAGE_STANDARD = "compiler-default";
				CLANG_CXX_LIBRARY = "compiler-default";
				CLANG_ENABLE_OBJC_ARC = YES;
				CLANG_WARN_BOOL_CONVERSION = YES;
				CLANG_WARN_CONSTANT_CONVERSION = YES;
				CLANG_WARN_EMPTY_BODY = YES;
				CLANG_WARN_ENUM_CONVERSION = YES;
				CLANG_WARN_INFINITE_RECURSION = YES;
				CLANG_WARN_INT_CONVERSION = YES;
				CLANG_WARN_SUSPICIOUS_MOVE = YES;
				CLANG_WARN_UNREACHABLE_CODE = YES;
				CLANG_WARN__DUPLICATE_METHOD_MATCH = YES;
				"CODE_SIGN_IDENTITY[sdk=iphoneos*]" = "iPhone Developer";
				COPY_PHASE_STRIP = NO;
				ENABLE_STRICT_OBJC_MSGSEND = YES;
				ENABLE_TESTABILITY = YES;
				GCC_C_LANGUAGE_STANDARD = gnu99;
				GCC_DYNAMIC_NO_PIC = NO;
				GCC_NO_COMMON_BLOCKS = YES;
				GCC_OPTIMIZATION_LEVEL = 0;
				GCC_PREPROCESSOR_DEFINITIONS = (
					"DEBUG=1",
					"$(inherited)",
				);
				GCC_SYMBOLS_PRIVATE_EXTERN = NO;
				GCC_WARN_64_TO_32_BIT_CONVERSION = YES;
				GCC_WARN_ABOUT_RETURN_TYPE = YES;
				GCC_WARN_UNDECLARED_SELECTOR = YES;
				GCC_WARN_UNINITIALIZED_AUTOS = YES;
				GCC_WARN_UNUSED_FUNCTION = YES;
				GCC_WARN_UNUSED_VARIABLE = YES;
				IPHONEOS_DEPLOYMENT_TARGET = 9.0;
				ONLY_ACTIVE_ARCH = YES;
				SDKROOT = iphoneos;
				TARGETED_DEVICE_FAMILY = "1,2";
				VALID_ARCHS = "arm64 armv7 armv7s";
			};
			name = Debug;
		};
		2193D81A16FA84B5007BA1BC /* Release */ = {
			isa = XCBuildConfiguration;
			buildSettings = {
				ALWAYS_SEARCH_USER_PATHS = NO;
				CLANG_CXX_LANGUAGE_STANDARD = "compiler-default";
				CLANG_CXX_LIBRARY = "compiler-default";
				CLANG_ENABLE_OBJC_ARC = YES;
				CLANG_WARN_BOOL_CONVERSION = YES;
				CLANG_WARN_CONSTANT_CONVERSION = YES;
				CLANG_WARN_EMPTY_BODY = YES;
				CLANG_WARN_ENUM_CONVERSION = YES;
				CLANG_WARN_INFINITE_RECURSION = YES;
				CLANG_WARN_INT_CONVERSION = YES;
				CLANG_WARN_SUSPICIOUS_MOVE = YES;
				CLANG_WARN_UNREACHABLE_CODE = YES;
				CLANG_WARN__DUPLICATE_METHOD_MATCH = YES;
				"CODE_SIGN_IDENTITY[sdk=iphoneos*]" = "iPhone Developer";
				COPY_PHASE_STRIP = YES;
				ENABLE_STRICT_OBJC_MSGSEND = YES;
				GCC_C_LANGUAGE_STANDARD = gnu99;
				GCC_NO_COMMON_BLOCKS = YES;
				GCC_WARN_64_TO_32_BIT_CONVERSION = YES;
				GCC_WARN_ABOUT_RETURN_TYPE = YES;
				GCC_WARN_UNDECLARED_SELECTOR = YES;
				GCC_WARN_UNINITIALIZED_AUTOS = YES;
				GCC_WARN_UNUSED_FUNCTION = YES;
				GCC_WARN_UNUSED_VARIABLE = YES;
				IPHONEOS_DEPLOYMENT_TARGET = 9.0;
				OTHER_CFLAGS = "-DNS_BLOCK_ASSERTIONS=1";
				SDKROOT = iphoneos;
				TARGETED_DEVICE_FAMILY = "1,2";
				VALIDATE_PRODUCT = YES;
				VALID_ARCHS = "arm64 armv7 armv7s";
			};
			name = Release;
		};
		2193D81C16FA84B5007BA1BC /* Debug */ = {
			isa = XCBuildConfiguration;
			buildSettings = {
				ASSETCATALOG_COMPILER_APPICON_NAME = AppIcon;
				ASSETCATALOG_COMPILER_LAUNCHIMAGE_NAME = LaunchImage;
				CODE_SIGN_IDENTITY = "iPhone Developer";
				"CODE_SIGN_IDENTITY[sdk=iphoneos*]" = "iPhone Developer";
				GCC_PRECOMPILE_PREFIX_HEADER = YES;
				GCC_PREFIX_HEADER = "fluid2D-GPU/fluid2D-GPU-Prefix.pch";
				HEADER_SEARCH_PATHS = (
					/Users/jwright/code/iPhone/SDKPackage_OGLES2/Include,
					/Users/jwright/code/iPhone/SDKPackage_OGLES2/Tools/OGLES2,
					/Users/jwright/code/iPhone/SDKPackage_OGLES2/Tools,
				);
				INFOPLIST_FILE = "fluid2D-GPU/fluid2D-GPU-Info.plist";
				LIBRARY_SEARCH_PATHS = "";
				PRODUCT_BUNDLE_IDENTIFIER = "com.jackcraft.${PRODUCT_NAME:rfc1034identifier}";
				PRODUCT_NAME = "$(TARGET_NAME)";
				PROVISIONING_PROFILE = "";
				TARGETED_DEVICE_FAMILY = 2;
				WRAPPER_EXTENSION = app;
			};
			name = Debug;
		};
		2193D81D16FA84B5007BA1BC /* Release */ = {
			isa = XCBuildConfiguration;
			buildSettings = {
				ASSETCATALOG_COMPILER_APPICON_NAME = AppIcon;
				ASSETCATALOG_COMPILER_LAUNCHIMAGE_NAME = LaunchImage;
				CODE_SIGN_IDENTITY = "iPhone Developer";
				"CODE_SIGN_IDENTITY[sdk=iphoneos*]" = "iPhone Developer";
				GCC_PRECOMPILE_PREFIX_HEADER = YES;
				GCC_PREFIX_HEADER = "fluid2D-GPU/fluid2D-GPU-Prefix.pch";
				HEADER_SEARCH_PATHS = (
					/Users/jwright/code/iPhone/SDKPackage_OGLES2/Include,
					/Users/jwright/code/iPhone/SDKPackage_OGLES2/Tools/OGLES2,
					/Users/jwright/code/iPhone/SDKPackage_OGLES2/Tools,
				);
				INFOPLIST_FILE = "fluid2D-GPU/fluid2D-GPU-Info.plist";
				LIBRARY_SEARCH_PATHS = "";
				PRODUCT_BUNDLE_IDENTIFIER = "com.jackcraft.${PRODUCT_NAME:rfc1034identifier}";
				PRODUCT_NAME = "$(TARGET_NAME)";
				PROVISIONING_PROFILE = "";
				TARGETED_DEVICE_FAMILY = 2;
				WRAPPER_EXTENSION = app;
			};
			name = Release;
		};
/* End XCBuildConfiguration section */

/* Begin XCConfigurationList section */
		2193D7E816FA84B5007BA1BC /* Build configuration list for PBXProject "fluid2D-GPU" */ = {
			isa = XCConfigurationList;
			buildConfigurations = (
				2193D81916FA84B5007BA1BC /* Debug */,
				2193D81A16FA84B5007BA1BC /* Release */,
			);
			defaultConfigurationIsVisible = 0;
			defaultConfigurationName = Release;
		};
		2193D81B16FA84B5007BA1BC /* Build configuration list for PBXNativeTarget "fluid2D-GPU" */ = {
			isa = XCConfigurationList;
			buildConfigurations = (
				2193D81C16FA84B5007BA1BC /* Debug */,
				2193D81D16FA84B5007BA1BC /* Release */,
			);
			defaultConfigurationIsVisible = 0;
			defaultConfigurationName = Release;
		};
/* End XCConfigurationList section */
	};
	rootObject = 2193D7E516FA84B5007BA1BC /* Project object */;
}
